
Microsoft Visual Studio Solution File, Format Version 12.00
# Visual Studio Version 17
VisualStudioVersion = 17.1.32407.343
MinimumVisualStudioVersion = 10.0.40219.1
Project("{FAE04EC0-301F-11D3-BF4B-00C04F79EFBC}") = "lesson6_1", "lesson6_1\lesson6_1.csproj", "{6CF92BC4-0FE4-473E-8BA4-421F84FA0FDD}"
EndProject
Project("{FAE04EC0-301F-11D3-BF4B-00C04F79EFBC}") = "lesson6_3", "lesson6_3\lesson6_3.csproj", "{9DDE64ED-3E5F-4F05-AE37-3760AC78DA98}"
EndProject
Global
	GlobalSection(SolutionConfigurationPlatforms) = preSolution
		Debug|Any CPU = Debug|Any CPU
		Release|Any CPU = Release|Any CPU
	EndGlobalSection
	GlobalSection(ProjectConfigurationPlatforms) = postSolution
		{6CF92BC4-0FE4-473E-8BA4-421F84FA0FDD}.Debug|Any CPU.ActiveCfg = Debug|Any CPU
		{6CF92BC4-0FE4-473E-8BA4-421F84FA0FDD}.Debug|Any CPU.Build.0 = Debug|Any CPU
		{6CF92BC4-0FE4-473E-8BA4-421F84FA0FDD}.Release|Any CPU.ActiveCfg = Release|Any CPU
		{6CF92BC4-0FE4-473E-8BA4-421F84FA0FDD}.Release|Any CPU.Build.0 = Release|Any CPU
		{9DDE64ED-3E5F-4F05-AE37-3760AC78DA98}.Debug|Any CPU.ActiveCfg = Debug|Any CPU
		{9DDE64ED-3E5F-4F05-AE37-3760AC78DA98}.Debug|Any CPU.Build.0 = Debug|Any CPU
		{9DDE64ED-3E5F-4F05-AE37-3760AC78DA98}.Release|Any CPU.ActiveCfg = Release|Any CPU
		{9DDE64ED-3E5F-4F05-AE37-3760AC78DA98}.Release|Any CPU.Build.0 = Release|Any CPU
	EndGlobalSection
	GlobalSection(SolutionProperties) = preSolution
		HideSolutionNode = FALSE
	EndGlobalSection
	GlobalSection(ExtensibilityGlobals) = postSolution
		SolutionGuid = {A710815E-5B78-469D-8DA5-D540E2784D69}
	EndGlobalSection
EndGlobal
